[[package]]
name = "atomicwrites"
version = "1.4.0"
description = "Atomic file writes."
category = "dev"
optional = false
python-versions = ">=2.7, !=3.0.*, !=3.1.*, !=3.2.*, !=3.3.*"

[[package]]
name = "attrs"
version = "20.3.0"
description = "Classes Without Boilerplate"
category = "dev"
optional = false
python-versions = ">=2.7, !=3.0.*, !=3.1.*, !=3.2.*, !=3.3.*"

[package.extras]
dev = ["coverage[toml] (>=5.0.2)", "hypothesis", "pympler", "pytest (>=4.3.0)", "six", "zope.interface", "furo", "sphinx", "pre-commit"]
docs = ["furo", "sphinx", "zope.interface"]
tests = ["coverage[toml] (>=5.0.2)", "hypothesis", "pympler", "pytest (>=4.3.0)", "six", "zope.interface"]
tests_no_zope = ["coverage[toml] (>=5.0.2)", "hypothesis", "pympler", "pytest (>=4.3.0)", "six"]

[[package]]
name = "bidict"
version = "0.21.2"
description = "The bidirectional mapping library for Python."
category = "main"
optional = false
python-versions = ">=3.6"

[package.extras]
coverage = ["coverage (<6)", "pytest-cov (<3)"]
dev = ["setuptools-scm", "hypothesis (<6)", "py (<2)", "pytest (<7)", "pytest-benchmark (>=3.2.0,<4)", "sortedcollections (<2)", "sortedcontainers (<3)", "Sphinx (<4)", "sphinx-autodoc-typehints (<2)", "coverage (<6)", "pytest-cov (<3)", "pre-commit (<3)", "tox (<4)"]
docs = ["Sphinx (<4)", "sphinx-autodoc-typehints (<2)"]
precommit = ["pre-commit (<3)"]
test = ["hypothesis (<6)", "py (<2)", "pytest (<7)", "pytest-benchmark (>=3.2.0,<4)", "sortedcollections (<2)", "sortedcontainers (<3)", "Sphinx (<4)", "sphinx-autodoc-typehints (<2)"]

[[package]]
name = "cloudpickle"
version = "1.6.0"
description = "Extended pickling support for Python objects"
category = "main"
optional = false
python-versions = ">=3.5"

[[package]]
name = "colorama"
version = "0.4.4"
description = "Cross-platform colored terminal text."
category = "dev"
optional = false
python-versions = ">=2.7, !=3.0.*, !=3.1.*, !=3.2.*, !=3.3.*, !=3.4.*"

[[package]]
name = "llvmlite"
version = "0.35.0"
description = "lightweight wrapper around basic LLVM functionality"
category = "main"
optional = false
python-versions = ">=3.6"

[[package]]
name = "more-itertools"
version = "8.6.0"
description = "More routines for operating on iterables, beyond itertools"
category = "dev"
optional = false
python-versions = ">=3.5"

[[package]]
name = "numba"
version = "0.52.0"
description = "compiling Python code using LLVM"
category = "main"
optional = false
python-versions = ">=3.6,<3.9"

[package.dependencies]
llvmlite = ">=0.35.0,<0.36"
numpy = ">=1.15"

[[package]]
name = "numpy"
version = "1.19.4"
description = "NumPy is the fundamental package for array computing with Python."
category = "main"
optional = false
python-versions = ">=3.6"

[[package]]
name = "pluggy"
version = "0.13.1"
description = "plugin and hook calling mechanisms for python"
category = "dev"
optional = false
python-versions = ">=2.7, !=3.0.*, !=3.1.*, !=3.2.*, !=3.3.*"

[package.extras]
dev = ["pre-commit", "tox"]

[[package]]
name = "py"
version = "1.10.0"
description = "library with cross-python path, ini-parsing, io, code, log facilities"
category = "dev"
optional = false
python-versions = ">=2.7, !=3.0.*, !=3.1.*, !=3.2.*, !=3.3.*"

[[package]]
name = "pytest"
version = "3.10.1"
description = "pytest: simple powerful testing with Python"
category = "dev"
optional = false
python-versions = ">=2.7, !=3.0.*, !=3.1.*, !=3.2.*, !=3.3.*"

[package.dependencies]
atomicwrites = ">=1.0"
attrs = ">=17.4.0"
colorama = {version = "*", markers = "sys_platform == \"win32\""}
more-itertools = ">=4.0.0"
pluggy = ">=0.7"
py = ">=1.5.0"
six = ">=1.10.0"

[[package]]
name = "python-engineio"
version = "4.0.0"
description = "Engine.IO server"
category = "main"
optional = false
python-versions = "*"

[package.extras]
asyncio_client = ["aiohttp (>=3.4)"]
client = ["requests (>=2.21.0)", "websocket-client (>=0.54.0)"]

[[package]]
name = "python-socketio"
version = "5.0.4"
description = "Socket.IO server"
category = "main"
optional = false
python-versions = "*"

[package.dependencies]
bidict = ">=0.21.0"
python-engineio = ">=4"

[package.extras]
asyncio_client = ["aiohttp (>=3.4)", "websockets (>=7.0)"]
client = ["requests (>=2.21.0)", "websocket-client (>=0.54.0)"]

[[package]]
name = "pyyaml"
version = "5.3.1"
description = "YAML parser and emitter for Python"
category = "main"
optional = false
python-versions = ">=2.7, !=3.0.*, !=3.1.*, !=3.2.*, !=3.3.*, !=3.4.*"

[[package]]
name = "six"
version = "1.15.0"
description = "Python 2 and 3 compatibility utilities"
category = "main"
optional = false
python-versions = ">=2.7, !=3.0.*, !=3.1.*, !=3.2.*"

[[package]]
name = "websocket-client"
version = "0.57.0"
description = "WebSocket client for Python. hybi13 is supported."
category = "main"
optional = false
python-versions = ">=2.6, !=3.0.*, !=3.1.*, !=3.2.*, !=3.3.*"

[package.dependencies]
six = "*"

[[package]]
name = "xxhash"
version = "2.0.0"
description = "Python binding for xxHash"
category = "main"
optional = false
python-versions = ">=2.6, !=3.0.*, !=3.1.*, !=3.2.*"

[metadata]
lock-version = "1.1"
python-versions = "~3.8" # 現在numbaは3.9未対応
content-hash = "aed91e9ea4f7850f3496f70545f4a431799c4a037564a143d77d7711f6682c6e"

[metadata.files]
atomicwrites = [
    {file = "atomicwrites-1.4.0-py2.py3-none-any.whl", hash = "sha256:6d1784dea7c0c8d4a5172b6c620f40b6e4cbfdf96d783691f2e1302a7b88e197"},
    {file = "atomicwrites-1.4.0.tar.gz", hash = "sha256:ae70396ad1a434f9c7046fd2dd196fc04b12f9e91ffb859164193be8b6168a7a"},
]
attrs = [
    {file = "attrs-20.3.0-py2.py3-none-any.whl", hash = "sha256:31b2eced602aa8423c2aea9c76a724617ed67cf9513173fd3a4f03e3a929c7e6"},
    {file = "attrs-20.3.0.tar.gz", hash = "sha256:832aa3cde19744e49938b91fea06d69ecb9e649c93ba974535d08ad92164f700"},
]
bidict = [
    {file = "bidict-0.21.2-py2.py3-none-any.whl", hash = "sha256:929d056e8d0d9b17ceda20ba5b24ac388e2a4d39802b87f9f4d3f45ecba070bf"},
    {file = "bidict-0.21.2.tar.gz", hash = "sha256:4fa46f7ff96dc244abfc437383d987404ae861df797e2fd5b190e233c302be09"},
]
cloudpickle = [
    {file = "cloudpickle-1.6.0-py3-none-any.whl", hash = "sha256:3a32d0eb0bc6f4d0c57fbc4f3e3780f7a81e6fee0fa935072884d58ae8e1cc7c"},
    {file = "cloudpickle-1.6.0.tar.gz", hash = "sha256:9bc994f9e9447593bd0a45371f0e7ac7333710fcf64a4eb9834bf149f4ef2f32"},
]
colorama = [
    {file = "colorama-0.4.4-py2.py3-none-any.whl", hash = "sha256:9f47eda37229f68eee03b24b9748937c7dc3868f906e8ba69fbcbdd3bc5dc3e2"},
    {file = "colorama-0.4.4.tar.gz", hash = "sha256:5941b2b48a20143d2267e95b1c2a7603ce057ee39fd88e7329b0c292aa16869b"},
]
llvmlite = [
    {file = "llvmlite-0.35.0-cp36-cp36m-macosx_10_9_x86_64.whl", hash = "sha256:6383bf98f71c0ccafb20ed1fc560127c26b8db9a2f3aeb09d2be4ae26c3d2674"},
    {file = "llvmlite-0.35.0-cp36-cp36m-manylinux2010_i686.whl", hash = "sha256:6365f3bd781512506761e081ae88722f7acdd389ae486512d3612cdbbaf1b3f4"},
    {file = "llvmlite-0.35.0-cp36-cp36m-manylinux2010_x86_64.whl", hash = "sha256:10f444ab648fb4b0ca266d0dcd201892aa8051db11f5dc98dc79631fc6bbf528"},
    {file = "llvmlite-0.35.0-cp36-cp36m-win32.whl", hash = "sha256:c541226f3ceb5bd311ef4786ad0ccfff2ed10fa601b4788b7fe8164c16719ba0"},
    {file = "llvmlite-0.35.0-cp36-cp36m-win_amd64.whl", hash = "sha256:75120207100c87ecf0a4bf297cd7da2ff04bf2a97aecfa2d327723f83e457779"},
    {file = "llvmlite-0.35.0-cp37-cp37m-macosx_10_9_x86_64.whl", hash = "sha256:4b510150a5cba35f3014ce7614c4b4d2b8a5aeeebe930693825711d66c8f127f"},
    {file = "llvmlite-0.35.0-cp37-cp37m-manylinux2010_i686.whl", hash = "sha256:822975d3ad2861d163ce7b1474e32e6ca7c6a6e76143c461ffc43aedfb610857"},
    {file = "llvmlite-0.35.0-cp37-cp37m-manylinux2010_x86_64.whl", hash = "sha256:f36f1ee5905c5e91254376db7df9163aa7793cfd79220a98ef3c9b59895f0008"},
    {file = "llvmlite-0.35.0-cp37-cp37m-win32.whl", hash = "sha256:aa844f9c0961799530915b45545c287bec1970399da27629a8d9e762ab55de9f"},
    {file = "llvmlite-0.35.0-cp37-cp37m-win_amd64.whl", hash = "sha256:8381b5530b4064a913e0bf1fb5cdd714ddd1834e0496a9343c905be5683e013a"},
    {file = "llvmlite-0.35.0-cp38-cp38-macosx_10_9_x86_64.whl", hash = "sha256:9166ed996df3e345409bd4d98bae58e0b5e85eb2f4c32b186ff5c9ae93448da5"},
    {file = "llvmlite-0.35.0-cp38-cp38-manylinux2010_i686.whl", hash = "sha256:733c8a191fa8294abb4f6a699306339b19afce84c6fc29646b5c40be92fdee41"},
    {file = "llvmlite-0.35.0-cp38-cp38-manylinux2010_x86_64.whl", hash = "sha256:4d1ed8d1d20cf57fdfff8560740283c28f44b2dd6c3749e4677c3e19b914da0a"},
    {file = "llvmlite-0.35.0-cp38-cp38-win32.whl", hash = "sha256:d5fcb329c3a8c69f280b57f91833f8a939e6688eebd4614cf6d3e04424ef3330"},
    {file = "llvmlite-0.35.0-cp38-cp38-win_amd64.whl", hash = "sha256:d99059da5630d4c38b155ef0cccd34932a8d16e2c5d18b29ec6d6ec06ef3c8b7"},
    {file = "llvmlite-0.35.0.tar.gz", hash = "sha256:80e51d5aa02ad72da9870e89d21f9b152b0220ca551b4596a6c0614bcde336fc"},
]
more-itertools = [
    {file = "more-itertools-8.6.0.tar.gz", hash = "sha256:b3a9005928e5bed54076e6e549c792b306fddfe72b2d1d22dd63d42d5d3899cf"},
    {file = "more_itertools-8.6.0-py3-none-any.whl", hash = "sha256:8e1a2a43b2f2727425f2b5839587ae37093f19153dc26c0927d1048ff6557330"},
]
numba = [
    {file = "numba-0.52.0-cp36-cp36m-macosx_10_14_x86_64.whl", hash = "sha256:2edfdaff425c3ca88f67c8560fb1566de323259706b2af6c1116542d2a5a642d"},
    {file = "numba-0.52.0-cp36-cp36m-manylinux2014_i686.whl", hash = "sha256:c6a8b52b260549a0496ee5a0e785153ddc26569c824da39775e762711ef53938"},
    {file = "numba-0.52.0-cp36-cp36m-manylinux2014_x86_64.whl", hash = "sha256:a19e543a254caca74acd494438ca30292854e0291e5e91a2e54b50714b4428c3"},
    {file = "numba-0.52.0-cp36-cp36m-win32.whl", hash = "sha256:ed9a3704827055c0882d9aff2f8785bcd9a5fe7eae044459cc0d5f3e0a80706b"},
    {file = "numba-0.52.0-cp36-cp36m-win_amd64.whl", hash = "sha256:668bd792635914160e42f7fa900d9daa013bdaa9d6dae9f557454ac5bd084ba7"},
    {file = "numba-0.52.0-cp37-cp37m-macosx_10_14_x86_64.whl", hash = "sha256:a489119db86896d23b608bb77c2702cc72289d1281bcf123f4bc4cdec5e72879"},
    {file = "numba-0.52.0-cp37-cp37m-manylinux2014_i686.whl", hash = "sha256:1e60e29efe9f9b6f4378c3890a61701d961e76990ecfce4f0dd59bc728089f7d"},
    {file = "numba-0.52.0-cp37-cp37m-manylinux2014_x86_64.whl", hash = "sha256:0115d0a69b3eacaa7d762b5c6b5f03179bb848470af7188785c03b2e1b3ca857"},
    {file = "numba-0.52.0-cp37-cp37m-win32.whl", hash = "sha256:e8e9274bda21782928bcdf4919cd1854fa1c0962461f385f6f5c686aeceed847"},
    {file = "numba-0.52.0-cp37-cp37m-win_amd64.whl", hash = "sha256:17c799904ab890107895e376a52912b0bf8c05d60930acd6761d48ad3ee4f155"},
    {file = "numba-0.52.0-cp38-cp38-macosx_10_14_x86_64.whl", hash = "sha256:77b726448d778cb8637a50c3be151a14a7e698a4a7b1a698ac34160482505da5"},
    {file = "numba-0.52.0-cp38-cp38-manylinux2014_i686.whl", hash = "sha256:227c766ccc4730766a225d27b047b8099857fc5000d323e182d95fa4cd21ad13"},
    {file = "numba-0.52.0-cp38-cp38-manylinux2014_x86_64.whl", hash = "sha256:b213436ee6f8c18a92d5bc2e6129111c47e1b1cec890ddf8d7ae0b38f62da70e"},
    {file = "numba-0.52.0-cp38-cp38-win32.whl", hash = "sha256:774aae8b3cd90338a79bd2cabd4e2c28d470102019ecd7913d9f71dbdff36c04"},
    {file = "numba-0.52.0-cp38-cp38-win_amd64.whl", hash = "sha256:4a99d8110f92f1c03fb63d676083c0512c725b196b5513295808ef7402e4854a"},
    {file = "numba-0.52.0.tar.gz", hash = "sha256:44661c5bd85e3d3619be0a40eedee34e397e9ccb3d4c458b70e10bf95d1ce933"},
]
numpy = [
    {file = "numpy-1.19.4-cp36-cp36m-macosx_10_9_x86_64.whl", hash = "sha256:e9b30d4bd69498fc0c3fe9db5f62fffbb06b8eb9321f92cc970f2969be5e3949"},
    {file = "numpy-1.19.4-cp36-cp36m-manylinux1_i686.whl", hash = "sha256:fedbd128668ead37f33917820b704784aff695e0019309ad446a6d0b065b57e4"},
    {file = "numpy-1.19.4-cp36-cp36m-manylinux1_x86_64.whl", hash = "sha256:8ece138c3a16db8c1ad38f52eb32be6086cc72f403150a79336eb2045723a1ad"},
    {file = "numpy-1.19.4-cp36-cp36m-manylinux2010_i686.whl", hash = "sha256:64324f64f90a9e4ef732be0928be853eee378fd6a01be21a0a8469c4f2682c83"},
    {file = "numpy-1.19.4-cp36-cp36m-manylinux2010_x86_64.whl", hash = "sha256:ad6f2ff5b1989a4899bf89800a671d71b1612e5ff40866d1f4d8bcf48d4e5764"},
    {file = "numpy-1.19.4-cp36-cp36m-manylinux2014_aarch64.whl", hash = "sha256:d6c7bb82883680e168b55b49c70af29b84b84abb161cbac2800e8fcb6f2109b6"},
    {file = "numpy-1.19.4-cp36-cp36m-win32.whl", hash = "sha256:13d166f77d6dc02c0a73c1101dd87fdf01339febec1030bd810dcd53fff3b0f1"},
    {file = "numpy-1.19.4-cp36-cp36m-win_amd64.whl", hash = "sha256:448ebb1b3bf64c0267d6b09a7cba26b5ae61b6d2dbabff7c91b660c7eccf2bdb"},
    {file = "numpy-1.19.4-cp37-cp37m-macosx_10_9_x86_64.whl", hash = "sha256:27d3f3b9e3406579a8af3a9f262f5339005dd25e0ecf3cf1559ff8a49ed5cbf2"},
    {file = "numpy-1.19.4-cp37-cp37m-manylinux1_i686.whl", hash = "sha256:16c1b388cc31a9baa06d91a19366fb99ddbe1c7b205293ed072211ee5bac1ed2"},
    {file = "numpy-1.19.4-cp37-cp37m-manylinux1_x86_64.whl", hash = "sha256:e5b6ed0f0b42317050c88022349d994fe72bfe35f5908617512cd8c8ef9da2a9"},
    {file = "numpy-1.19.4-cp37-cp37m-manylinux2010_i686.whl", hash = "sha256:18bed2bcb39e3f758296584337966e68d2d5ba6aab7e038688ad53c8f889f757"},
    {file = "numpy-1.19.4-cp37-cp37m-manylinux2010_x86_64.whl", hash = "sha256:fe45becb4c2f72a0907c1d0246ea6449fe7a9e2293bb0e11c4e9a32bb0930a15"},
    {file = "numpy-1.19.4-cp37-cp37m-manylinux2014_aarch64.whl", hash = "sha256:6d7593a705d662be5bfe24111af14763016765f43cb6923ed86223f965f52387"},
    {file = "numpy-1.19.4-cp37-cp37m-win32.whl", hash = "sha256:6ae6c680f3ebf1cf7ad1d7748868b39d9f900836df774c453c11c5440bc15b36"},
    {file = "numpy-1.19.4-cp37-cp37m-win_amd64.whl", hash = "sha256:9eeb7d1d04b117ac0d38719915ae169aa6b61fca227b0b7d198d43728f0c879c"},
    {file = "numpy-1.19.4-cp38-cp38-macosx_10_9_x86_64.whl", hash = "sha256:cb1017eec5257e9ac6209ac172058c430e834d5d2bc21961dceeb79d111e5909"},
    {file = "numpy-1.19.4-cp38-cp38-manylinux1_i686.whl", hash = "sha256:edb01671b3caae1ca00881686003d16c2209e07b7ef8b7639f1867852b948f7c"},
    {file = "numpy-1.19.4-cp38-cp38-manylinux1_x86_64.whl", hash = "sha256:f29454410db6ef8126c83bd3c968d143304633d45dc57b51252afbd79d700893"},
    {file = "numpy-1.19.4-cp38-cp38-manylinux2010_i686.whl", hash = "sha256:ec149b90019852266fec2341ce1db513b843e496d5a8e8cdb5ced1923a92faab"},
    {file = "numpy-1.19.4-cp38-cp38-manylinux2010_x86_64.whl", hash = "sha256:1aeef46a13e51931c0b1cf8ae1168b4a55ecd282e6688fdb0a948cc5a1d5afb9"},
    {file = "numpy-1.19.4-cp38-cp38-manylinux2014_aarch64.whl", hash = "sha256:08308c38e44cc926bdfce99498b21eec1f848d24c302519e64203a8da99a97db"},
    {file = "numpy-1.19.4-cp38-cp38-win32.whl", hash = "sha256:5734bdc0342aba9dfc6f04920988140fb41234db42381cf7ccba64169f9fe7ac"},
    {file = "numpy-1.19.4-cp38-cp38-win_amd64.whl", hash = "sha256:09c12096d843b90eafd01ea1b3307e78ddd47a55855ad402b157b6c4862197ce"},
    {file = "numpy-1.19.4-cp39-cp39-macosx_10_9_x86_64.whl", hash = "sha256:e452dc66e08a4ce642a961f134814258a082832c78c90351b75c41ad16f79f63"},
    {file = "numpy-1.19.4-cp39-cp39-manylinux1_i686.whl", hash = "sha256:a5d897c14513590a85774180be713f692df6fa8ecf6483e561a6d47309566f37"},
    {file = "numpy-1.19.4-cp39-cp39-manylinux1_x86_64.whl", hash = "sha256:a09f98011236a419ee3f49cedc9ef27d7a1651df07810ae430a6b06576e0b414"},
    {file = "numpy-1.19.4-cp39-cp39-manylinux2010_i686.whl", hash = "sha256:50e86c076611212ca62e5a59f518edafe0c0730f7d9195fec718da1a5c2bb1fc"},
    {file = "numpy-1.19.4-cp39-cp39-manylinux2010_x86_64.whl", hash = "sha256:f0d3929fe88ee1c155129ecd82f981b8856c5d97bcb0d5f23e9b4242e79d1de3"},
    {file = "numpy-1.19.4-cp39-cp39-manylinux2014_aarch64.whl", hash = "sha256:c42c4b73121caf0ed6cd795512c9c09c52a7287b04d105d112068c1736d7c753"},
    {file = "numpy-1.19.4-cp39-cp39-win32.whl", hash = "sha256:8cac8790a6b1ddf88640a9267ee67b1aee7a57dfa2d2dd33999d080bc8ee3a0f"},
    {file = "numpy-1.19.4-cp39-cp39-win_amd64.whl", hash = "sha256:4377e10b874e653fe96985c05feed2225c912e328c8a26541f7fc600fb9c637b"},
    {file = "numpy-1.19.4-pp36-pypy36_pp73-manylinux2010_x86_64.whl", hash = "sha256:2a2740aa9733d2e5b2dfb33639d98a64c3b0f24765fed86b0fd2aec07f6a0a08"},
    {file = "numpy-1.19.4.zip", hash = "sha256:141ec3a3300ab89c7f2b0775289954d193cc8edb621ea05f99db9cb181530512"},
]
pluggy = [
    {file = "pluggy-0.13.1-py2.py3-none-any.whl", hash = "sha256:966c145cd83c96502c3c3868f50408687b38434af77734af1e9ca461a4081d2d"},
    {file = "pluggy-0.13.1.tar.gz", hash = "sha256:15b2acde666561e1298d71b523007ed7364de07029219b604cf808bfa1c765b0"},
]
py = [
    {file = "py-1.10.0-py2.py3-none-any.whl", hash = "sha256:3b80836aa6d1feeaa108e046da6423ab8f6ceda6468545ae8d02d9d58d18818a"},
    {file = "py-1.10.0.tar.gz", hash = "sha256:21b81bda15b66ef5e1a777a21c4dcd9c20ad3efd0b3f817e7a809035269e1bd3"},
]
pytest = [
    {file = "pytest-3.10.1-py2.py3-none-any.whl", hash = "sha256:3f193df1cfe1d1609d4c583838bea3d532b18d6160fd3f55c9447fdca30848ec"},
    {file = "pytest-3.10.1.tar.gz", hash = "sha256:e246cf173c01169b9617fc07264b7b1316e78d7a650055235d6d897bc80d9660"},
]
python-engineio = [
    {file = "python-engineio-4.0.0.tar.gz", hash = "sha256:9f34afa4170f5ba6e3d9ff158752ccf8fbb2145f16554b2f0fc84646675be99a"},
    {file = "python_engineio-4.0.0-py2.py3-none-any.whl", hash = "sha256:33f7a214be5db35c867e97027bfe63676cb003d82aa17a607612b25ba5d84e5b"},
]
python-socketio = [
    {file = "python-socketio-5.0.4.tar.gz", hash = "sha256:f53fd0d5bd9f75a70492062f4ae6195ab5d34d67a29024d740f25e468392893e"},
    {file = "python_socketio-5.0.4-py2.py3-none-any.whl", hash = "sha256:870f8b00a63ef7c9a1f85fd70028624867bf246115e82625f28ef79def8847bb"},
]
pyyaml = [
    {file = "PyYAML-5.3.1-cp27-cp27m-win32.whl", hash = "sha256:74809a57b329d6cc0fdccee6318f44b9b8649961fa73144a98735b0aaf029f1f"},
    {file = "PyYAML-5.3.1-cp27-cp27m-win_amd64.whl", hash = "sha256:240097ff019d7c70a4922b6869d8a86407758333f02203e0fc6ff79c5dcede76"},
    {file = "PyYAML-5.3.1-cp35-cp35m-win32.whl", hash = "sha256:4f4b913ca1a7319b33cfb1369e91e50354d6f07a135f3b901aca02aa95940bd2"},
    {file = "PyYAML-5.3.1-cp35-cp35m-win_amd64.whl", hash = "sha256:cc8955cfbfc7a115fa81d85284ee61147059a753344bc51098f3ccd69b0d7e0c"},
    {file = "PyYAML-5.3.1-cp36-cp36m-win32.whl", hash = "sha256:7739fc0fa8205b3ee8808aea45e968bc90082c10aef6ea95e855e10abf4a37b2"},
    {file = "PyYAML-5.3.1-cp36-cp36m-win_amd64.whl", hash = "sha256:69f00dca373f240f842b2931fb2c7e14ddbacd1397d57157a9b005a6a9942648"},
    {file = "PyYAML-5.3.1-cp37-cp37m-win32.whl", hash = "sha256:d13155f591e6fcc1ec3b30685d50bf0711574e2c0dfffd7644babf8b5102ca1a"},
    {file = "PyYAML-5.3.1-cp37-cp37m-win_amd64.whl", hash = "sha256:73f099454b799e05e5ab51423c7bcf361c58d3206fa7b0d555426b1f4d9a3eaf"},
    {file = "PyYAML-5.3.1-cp38-cp38-win32.whl", hash = "sha256:06a0d7ba600ce0b2d2fe2e78453a470b5a6e000a985dd4a4e54e436cc36b0e97"},
    {file = "PyYAML-5.3.1-cp38-cp38-win_amd64.whl", hash = "sha256:95f71d2af0ff4227885f7a6605c37fd53d3a106fcab511b8860ecca9fcf400ee"},
    {file = "PyYAML-5.3.1-cp39-cp39-win32.whl", hash = "sha256:ad9c67312c84def58f3c04504727ca879cb0013b2517c85a9a253f0cb6380c0a"},
    {file = "PyYAML-5.3.1-cp39-cp39-win_amd64.whl", hash = "sha256:6034f55dab5fea9e53f436aa68fa3ace2634918e8b5994d82f3621c04ff5ed2e"},
    {file = "PyYAML-5.3.1.tar.gz", hash = "sha256:b8eac752c5e14d3eca0e6dd9199cd627518cb5ec06add0de9d32baeee6fe645d"},
]
six = [
    {file = "six-1.15.0-py2.py3-none-any.whl", hash = "sha256:8b74bedcbbbaca38ff6d7491d76f2b06b3592611af620f8426e82dddb04a5ced"},
    {file = "six-1.15.0.tar.gz", hash = "sha256:30639c035cdb23534cd4aa2dd52c3bf48f06e5f4a941509c8bafd8ce11080259"},
]
websocket-client = [
    {file = "websocket_client-0.57.0-py2.py3-none-any.whl", hash = "sha256:0fc45c961324d79c781bab301359d5a1b00b13ad1b10415a4780229ef71a5549"},
    {file = "websocket_client-0.57.0.tar.gz", hash = "sha256:d735b91d6d1692a6a181f2a8c9e0238e5f6373356f561bb9dc4c7af36f452010"},
]
xxhash = [
    {file = "xxhash-2.0.0-cp27-cp27m-macosx_10_6_intel.whl", hash = "sha256:df8d1ebdef86bd5d772d81c91d5d111a5ee8e4b68b8fc6b6edfa5aa825dd2a3d"},
    {file = "xxhash-2.0.0-cp27-cp27m-manylinux1_i686.whl", hash = "sha256:f01c59f5bad2e46bb4235b71b36c56be353f08b6d514a3bd0deb9bf56e4b180a"},
    {file = "xxhash-2.0.0-cp27-cp27m-manylinux1_x86_64.whl", hash = "sha256:cb4feeb8881eb89b9ddd0fae797deb078ebdaad6b1ae6c185b9993d241ed365a"},
    {file = "xxhash-2.0.0-cp27-cp27m-manylinux2010_i686.whl", hash = "sha256:2912d7810bcf7e39b3929fb186fe46ff83b1bd4a3d6b7eba956d57fa1516ac0c"},
    {file = "xxhash-2.0.0-cp27-cp27m-manylinux2010_x86_64.whl", hash = "sha256:48b99c55fc643b32f5efca9c35fcaac6ea553958cf503e202c10eb62718e7a0e"},
    {file = "xxhash-2.0.0-cp27-cp27m-win32.whl", hash = "sha256:3221f1a5bc2ee1f150b84a0c4c7cddc7724aaa01460f3353cf63fd667d89f593"},
    {file = "xxhash-2.0.0-cp27-cp27m-win_amd64.whl", hash = "sha256:cba4b6d174b524623ac8b64bda734601d574f95033f87ddf9c495c69a70135e8"},
    {file = "xxhash-2.0.0-cp27-cp27mu-manylinux1_i686.whl", hash = "sha256:b94f13f4f946500f3cc78f11da4ec4b340bd92c5200b5fe4e6aeac96064aa1fd"},
    {file = "xxhash-2.0.0-cp27-cp27mu-manylinux1_x86_64.whl", hash = "sha256:635b1d7fa85d215112f41d089bd113ac139f6a42769fcc49c73e779904160f7f"},
    {file = "xxhash-2.0.0-cp27-cp27mu-manylinux2010_i686.whl", hash = "sha256:0f5f1b9ae8e2cf2ff606018769f7e46147df70291312f64e1b80d10482ca8c0b"},
    {file = "xxhash-2.0.0-cp27-cp27mu-manylinux2010_x86_64.whl", hash = "sha256:8f90deec6567a38e1da29feff36973468691e309b2db8235e64936e61df77c43"},
    {file = "xxhash-2.0.0-cp35-cp35m-macosx_10_6_intel.whl", hash = "sha256:8b7e930a60dfe7380e52466aa27941290dd575a5750c622158c86941797eaa1b"},
    {file = "xxhash-2.0.0-cp35-cp35m-manylinux1_i686.whl", hash = "sha256:44b26872fd63f1eaf1ab527817aebbd455a3fdcbd56ff6df74fd42a6a137cff4"},
    {file = "xxhash-2.0.0-cp35-cp35m-manylinux1_x86_64.whl", hash = "sha256:3d25b540148f1ebf4852e4115f3f4819b585ecd36f121a1f388e8966d69d3a1c"},
    {file = "xxhash-2.0.0-cp35-cp35m-manylinux2010_i686.whl", hash = "sha256:bcd1e9f3ba8df23edefe1d0a886f16b4e27602acbd8575b39540fea26e1aa6d2"},
    {file = "xxhash-2.0.0-cp35-cp35m-manylinux2010_x86_64.whl", hash = "sha256:fc03a399205268815742125b17d967afa9f23b08cdafe185e41368cf7ba9b278"},
    {file = "xxhash-2.0.0-cp35-cp35m-manylinux2014_aarch64.whl", hash = "sha256:bdbc195231c87d63b0503785d9c5264f4275a92da41d9f28fdf08fb321453356"},
    {file = "xxhash-2.0.0-cp35-cp35m-win32.whl", hash = "sha256:7291392bdb1d38c44557dfd3fcd4fd04c363a696dbfa7e6592700a31e4ff6657"},
    {file = "xxhash-2.0.0-cp35-cp35m-win_amd64.whl", hash = "sha256:e0fc170c3a00ca008d992c2e6324da3f1467b30044b5835d2feb27870645d38c"},
    {file = "xxhash-2.0.0-cp36-cp36m-macosx_10_6_intel.whl", hash = "sha256:5b3c0c84187556d463626ceed85f0d735a5b8ea1678da3e858d3934f38f23915"},
    {file = "xxhash-2.0.0-cp36-cp36m-manylinux1_i686.whl", hash = "sha256:2f0ca6673fcbae988389576a779c00a62a28718a18ddc7b2e5b32d7fb30c6f98"},
    {file = "xxhash-2.0.0-cp36-cp36m-manylinux1_x86_64.whl", hash = "sha256:d1859d54837af16ae2a7975477e619793ac698a374d909f533e317c3b384b223"},
    {file = "xxhash-2.0.0-cp36-cp36m-manylinux2010_i686.whl", hash = "sha256:9d0311fcd78dabe04ab3b4034659628b00ac220e77e37648f73aebbf4cb13680"},
    {file = "xxhash-2.0.0-cp36-cp36m-manylinux2010_x86_64.whl", hash = "sha256:0ecea927fd3df8f3f3a1d6e5bc85838eb44a69ea2f4c9263dfd0f68c4e17e483"},
    {file = "xxhash-2.0.0-cp36-cp36m-manylinux2014_aarch64.whl", hash = "sha256:4167f22b037e128820f7642ecc1fbf1b4b4956346093a2e75081bee82b9cfb7e"},
    {file = "xxhash-2.0.0-cp36-cp36m-win32.whl", hash = "sha256:85c5de6c56335b75beef2cba713f95a1b62422be5e27dad30b5083419c6839c4"},
    {file = "xxhash-2.0.0-cp36-cp36m-win_amd64.whl", hash = "sha256:ade1c356acd0b0454a3d3cf42442afe7ad0f46fc944ea1e84720b3858bfdb772"},
    {file = "xxhash-2.0.0-cp37-cp37m-macosx_10_6_intel.whl", hash = "sha256:fca7d0fb6fde33d1ac5f97298f44e711e5fe1b4587832864be8c6545cb072a54"},
    {file = "xxhash-2.0.0-cp37-cp37m-manylinux1_i686.whl", hash = "sha256:e296b0dee072a54c40c04f09ca35bb9902bb74b54f0fffeafabfc937b3ec85f9"},
    {file = "xxhash-2.0.0-cp37-cp37m-manylinux1_x86_64.whl", hash = "sha256:02476c5cef803cfd1350662b1e543e47ad64bd5f7f792033d94d590f9674da11"},
    {file = "xxhash-2.0.0-cp37-cp37m-manylinux2010_i686.whl", hash = "sha256:28c1f0bb6dadc11162d1f2e203d7a12d38b511b87fbb5ffa729594fd456f48e6"},
    {file = "xxhash-2.0.0-cp37-cp37m-manylinux2010_x86_64.whl", hash = "sha256:922ae5b1efa1f9a9cc959f7197113a623ad110853622e990433242a9d8d00d5c"},
    {file = "xxhash-2.0.0-cp37-cp37m-manylinux2014_aarch64.whl", hash = "sha256:7709bc8a5e30c74b07203553f33232531e7739458f72204908cedb08a00bd546"},
    {file = "xxhash-2.0.0-cp37-cp37m-win32.whl", hash = "sha256:fb3c9760598009b1d8bbe57785e278aeb956efb7372d8f9b0bb43cd46f420dff"},
    {file = "xxhash-2.0.0-cp37-cp37m-win_amd64.whl", hash = "sha256:3f29f6d455388cc415fe52c0f63f442aaea674cee35a2252d8d4dc8d640938c6"},
    {file = "xxhash-2.0.0-cp38-cp38-macosx_10_9_x86_64.whl", hash = "sha256:bf360465dc3d24b1501b799c85815c82ddcfc0ffbcba0232968f3a7cd64306fc"},
    {file = "xxhash-2.0.0-cp38-cp38-manylinux1_i686.whl", hash = "sha256:5d2edbb50025a67f061d09d381c54c7d0948c1572f6c9bd15ee238a303d368d9"},
    {file = "xxhash-2.0.0-cp38-cp38-manylinux1_x86_64.whl", hash = "sha256:7943ede91d8aedfcacb7178b2d881b7498145590206ff61c3e84dc66e6a51d6a"},
    {file = "xxhash-2.0.0-cp38-cp38-manylinux2010_i686.whl", hash = "sha256:b5c2edb8b0a2acc5bdac984b3177711f206463b970aa03087221771c2b0d8f1d"},
    {file = "xxhash-2.0.0-cp38-cp38-manylinux2010_x86_64.whl", hash = "sha256:16e4b7d508bb49b6fc84bf077f2f7f51263b5618cc61f33a64ed43786ec2c6cf"},
    {file = "xxhash-2.0.0-cp38-cp38-manylinux2014_aarch64.whl", hash = "sha256:80903d4ce7337921bbc8e5ac695b45691b43c0a00b21964c76e19ea21b9108ea"},
    {file = "xxhash-2.0.0-cp38-cp38-win32.whl", hash = "sha256:e37b25182e969212d5aec60a8da7d1e6a960dbffdb9ba4c63e2240de3605c184"},
    {file = "xxhash-2.0.0-cp38-cp38-win_amd64.whl", hash = "sha256:fabee25186b6649bbf6ff258f23941339902374786f8317b0422144ddaa505df"},
    {file = "xxhash-2.0.0-pp27-pypy_73-manylinux1_x86_64.whl", hash = "sha256:be93004b832717234a7d2f47dc555428ab1e8712f99cad7d212cebe0e27d3d48"},
    {file = "xxhash-2.0.0-pp27-pypy_73-manylinux2010_x86_64.whl", hash = "sha256:1b86f49b36c25ebdbd1b5539d428a37d9051ad49eb576a3edd964a8770bc8f3a"},
    {file = "xxhash-2.0.0-pp27-pypy_73-win32.whl", hash = "sha256:bde4d39997de901d0a66ebd631b34f9cf106676fec0878f36b7baf630cb3965a"},
    {file = "xxhash-2.0.0-pp36-pypy36_pp73-manylinux1_x86_64.whl", hash = "sha256:99b5412a3eddb1aa9aaf36cdbf93be4eca99ad83ff8c692672fdeedc7fb597de"},
    {file = "xxhash-2.0.0-pp36-pypy36_pp73-manylinux2010_x86_64.whl", hash = "sha256:33c4832e689f429539d70baf69162b41dfbabc7f31ca542b5b772cb8a55e7a79"},
    {file = "xxhash-2.0.0-pp36-pypy36_pp73-win32.whl", hash = "sha256:82034c9ed54db20f051133cba01de959b5208fe2900e67ebb4c9631f1fd523fd"},
    {file = "xxhash-2.0.0.tar.gz", hash = "sha256:58ca818554c1476fa1456f6cd4b87002e2294f09baf0f81e5a2a4968e62c423c"},
]
